
Microsoft Visual Studio Solution File, Format Version 12.00
# Visual Studio 15
VisualStudioVersion = 15.0.28010.2026
MinimumVisualStudioVersion = 10.0.40219.1
Project("{FAE04EC0-301F-11D3-BF4B-00C04F79EFBC}") = "BankAccounts.Backend", "BankAccounts.Backend\BankAccounts.Backend.csproj", "{5F9C9FF8-444D-46EE-A1D3-1BA869ADD38E}"
EndProject
Project("{FAE04EC0-301F-11D3-BF4B-00C04F79EFBC}") = "BankAccounts.Backend.Tests", "BankAccounts.Backend.Tests\BankAccounts.Backend.Tests.csproj", "{2EC36E0C-B06B-44A0-9D85-D48FF8512A9E}"
EndProject
Global
	GlobalSection(SolutionConfigurationPlatforms) = preSolution
		Debug|Any CPU = Debug|Any CPU
		Release|Any CPU = Release|Any CPU
	EndGlobalSection
	GlobalSection(ProjectConfigurationPlatforms) = postSolution
		{5F9C9FF8-444D-46EE-A1D3-1BA869ADD38E}.Debug|Any CPU.ActiveCfg = Debug|Any CPU
		{5F9C9FF8-444D-46EE-A1D3-1BA869ADD38E}.Debug|Any CPU.Build.0 = Debug|Any CPU
		{5F9C9FF8-444D-46EE-A1D3-1BA869ADD38E}.Release|Any CPU.ActiveCfg = Release|Any CPU
		{5F9C9FF8-444D-46EE-A1D3-1BA869ADD38E}.Release|Any CPU.Build.0 = Release|Any CPU
		{2EC36E0C-B06B-44A0-9D85-D48FF8512A9E}.Debug|Any CPU.ActiveCfg = Debug|Any CPU
		{2EC36E0C-B06B-44A0-9D85-D48FF8512A9E}.Debug|Any CPU.Build.0 = Debug|Any CPU
		{2EC36E0C-B06B-44A0-9D85-D48FF8512A9E}.Release|Any CPU.ActiveCfg = Release|Any CPU
		{2EC36E0C-B06B-44A0-9D85-D48FF8512A9E}.Release|Any CPU.Build.0 = Release|Any CPU
	EndGlobalSection
	GlobalSection(SolutionProperties) = preSolution
		HideSolutionNode = FALSE
	EndGlobalSection
	GlobalSection(ExtensibilityGlobals) = postSolution
		SolutionGuid = {9A6CDA82-E2A8-48B6-BA51-7213F29CA779}
	EndGlobalSection
EndGlobal
